// !$*UTF8*$!
{
	archiveVersion = 1;
	classes = {
	};
	objectVersion = 48;
	objects = {

/* Begin PBXBuildFile section */
		7C013EE01F9F706700B0FEA0 /* main.m in Sources */ = {isa = PBXBuildFile; fileRef = 7C013EDF1F9F706700B0FEA0 /* main.m */; };
		7C013EE81F9F70A600B0FEA0 /* InsertionSort.m in Sources */ = {isa = PBXBuildFile; fileRef = 7C013EE71F9F70A600B0FEA0 /* InsertionSort.m */; };
		7C013EEB1F9F70B300B0FEA0 /* MergeSort.m in Sources */ = {isa = PBXBuildFile; fileRef = 7C013EEA1F9F70B300B0FEA0 /* MergeSort.m */; };
/* End PBXBuildFile section */

/* Begin PBXCopyFilesBuildPhase section */
		7C013EDA1F9F706600B0FEA0 /* CopyFiles */ = {
			isa = PBXCopyFilesBuildPhase;
			buildActionMask = 2147483647;
			dstPath = /usr/share/man/man1/;
			dstSubfolderSpec = 0;
			files = (
			);
			runOnlyForDeploymentPostprocessing = 1;
		};
/* End PBXCopyFilesBuildPhase section */

/* Begin PBXFileReference section */
		7C013EDC1F9F706600B0FEA0 /* Algorithm_Obj-C */ = {isa = PBXFileReference; explicitFileType = "compiled.mach-o.executable"; includeInIndex = 0; path = "Algorithm_Obj-C"; sourceTree = BUILT_PRODUCTS_DIR; };
		7C013EDF1F9F706700B0FEA0 /* main.m */ = {isa = PBXFileReference; lastKnownFileType = sourcecode.c.objc; path = main.m; sourceTree = "<group>"; };
		7C013EE61F9F70A600B0FEA0 /* InsertionSort.h */ = {isa = PBXFileReference; lastKnownFileType = sourcecode.c.h; path = InsertionSort.h; sourceTree = "<group>"; };
		7C013EE71F9F70A600B0FEA0 /* InsertionSort.m */ = {isa = PBXFileReference; lastKnownFileType = sourcecode.c.objc; path = InsertionSort.m; sourceTree = "<group>"; };
		7C013EE91F9F70B300B0FEA0 /* MergeSort.h */ = {isa = PBXFileReference; lastKnownFileType = sourcecode.c.h; path = MergeSort.h; sourceTree = "<group>"; };
		7C013EEA1F9F70B300B0FEA0 /* MergeSort.m */ = {isa = PBXFileReference; lastKnownFileType = sourcecode.c.objc; path = MergeSort.m; sourceTree = "<group>"; };
/* End PBXFileReference section */

/* Begin PBXFrameworksBuildPhase section */
		7C013ED91F9F706600B0FEA0 /* Frameworks */ = {
			isa = PBXFrameworksBuildPhase;
			buildActionMask = 2147483647;
			files = (
			);
			runOnlyForDeploymentPostprocessing = 0;
		};
/* End PBXFrameworksBuildPhase section */

/* Begin PBXGroup section */
		7C013ED31F9F706500B0FEA0 = {
			isa = PBXGroup;
			children = (
				7C013EDE1F9F706600B0FEA0 /* Algorithm_Obj-C */,
				7C013EDD1F9F706600B0FEA0 /* Products */,
			);
			sourceTree = "<group>";
		};
		7C013EDD1F9F706600B0FEA0 /* Products */ = {
			isa = PBXGroup;
			children = (
				7C013EDC1F9F706600B0FEA0 /* Algorithm_Obj-C */,
			);
			name = Products;
			sourceTree = "<group>";
		};
		7C013EDE1F9F706600B0FEA0 /* Algorithm_Obj-C */ = {
			isa = PBXGroup;
			children = (
				7C013EDF1F9F706700B0FEA0 /* main.m */,
				7C013EE61F9F70A600B0FEA0 /* InsertionSort.h */,
				7C013EE71F9F70A600B0FEA0 /* InsertionSort.m */,
				7C013EE91F9F70B300B0FEA0 /* MergeSort.h */,
				7C013EEA1F9F70B300B0FEA0 /* MergeSort.m */,
			);
			path = "Algorithm_Obj-C";
			sourceTree = "<group>";
		};
/* End PBXGroup section */

/* Begin PBXNativeTarget section */
		7C013EDB1F9F706600B0FEA0 /* Algorithm_Obj-C */ = {
			isa = PBXNativeTarget;
			buildConfigurationList = 7C013EE31F9F706700B0FEA0 /* Build configuration list for PBXNativeTarget "Algorithm_Obj-C" */;
			buildPhases = (
				7C013ED81F9F706600B0FEA0 /* Sources */,
				7C013ED91F9F706600B0FEA0 /* Frameworks */,
				7C013EDA1F9F706600B0FEA0 /* CopyFiles */,
			);
			buildRules = (
			);
			dependencies = (
			);
			name = "Algorithm_Obj-C";
			productName = "Algorithm_Obj-C";
			productReference = 7C013EDC1F9F706600B0FEA0 /* Algorithm_Obj-C */;
			productType = "com.apple.product-type.tool";
		};
/* End PBXNativeTarget section */

/* Begin PBXProject section */
		7C013ED41F9F706600B0FEA0 /* Project object */ = {
			isa = PBXProject;
			attributes = {
				LastUpgradeCheck = 0900;
				ORGANIZATIONNAME = YongJai;
				TargetAttributes = {
					7C013EDB1F9F706600B0FEA0 = {
						CreatedOnToolsVersion = 9.0;
						ProvisioningStyle = Automatic;
					};
				};
			};
			buildConfigurationList = 7C013ED71F9F706600B0FEA0 /* Build configuration list for PBXProject "Algorithm_Obj-C" */;
			compatibilityVersion = "Xcode 8.0";
			developmentRegion = en;
			hasScannedForEncodings = 0;
			knownRegions = (
				en,
			);
			mainGroup = 7C013ED31F9F706500B0FEA0;
			productRefGroup = 7C013EDD1F9F706600B0FEA0 /* Products */;
			projectDirPath = "";
			projectRoot = "";
			targets = (
				7C013EDB1F9F706600B0FEA0 /* Algorithm_Obj-C */,
			);
		};
/* End PBXProject section */

/* Begin PBXSourcesBuildPhase section */
		7C013ED81F9F706600B0FEA0 /* Sources */ = {
			isa = PBXSourcesBuildPhase;
			buildActionMask = 2147483647;
			files = (
				7C013EEB1F9F70B300B0FEA0 /* MergeSort.m in Sources */,
				7C013EE01F9F706700B0FEA0 /* main.m in Sources */,
				7C013EE81F9F70A600B0FEA0 /* InsertionSort.m in Sources */,
			);
			runOnlyForDeploymentPostprocessing = 0;
		};
/* End PBXSourcesBuildPhase section */

/* Begin XCBuildConfiguration section */
		7C013EE11F9F706700B0FEA0 /* Debug */ = {
			isa = XCBuildConfiguration;
			buildSettings = {
				ALWAYS_SEARCH_USER_PATHS = NO;
				CLANG_ANALYZER_NONNULL = YES;
				CLANG_ANALYZER_NUMBER_OBJECT_CONVERSION = YES_AGGRESSIVE;
				CLANG_CXX_LANGUAGE_STANDARD = "gnu++14";
				CLANG_CXX_LIBRARY = "libc++";
				CLANG_ENABLE_MODULES = YES;
				CLANG_ENABLE_OBJC_ARC = YES;
				CLANG_WARN_BLOCK_CAPTURE_AUTORELEASING = YES;
				CLANG_WARN_BOOL_CONVERSION = YES;
				CLANG_WARN_COMMA = YES;
				CLANG_WARN_CONSTANT_CONVERSION = YES;
				CLANG_WARN_DIRECT_OBJC_ISA_USAGE = YES_ERROR;
				CLANG_WARN_DOCUMENTATION_COMMENTS = YES;
				CLANG_WARN_EMPTY_BODY = YES;
				CLANG_WARN_ENUM_CONVERSION = YES;
				CLANG_WARN_INFINITE_RECURSION = YES;
				CLANG_WARN_INT_CONVERSION = YES;
				CLANG_WARN_NON_LITERAL_NULL_CONVERSION = YES;
				CLANG_WARN_OBJC_LITERAL_CONVERSION = YES;
				CLANG_WARN_OBJC_ROOT_CLASS = YES_ERROR;
				CLANG_WARN_RANGE_LOOP_ANALYSIS = YES;
				CLANG_WARN_STRICT_PROTOTYPES = YES;
				CLANG_WARN_SUSPICIOUS_MOVE = YES;
				CLANG_WARN_UNGUARDED_AVAILABILITY = YES_AGGRESSIVE;
				CLANG_WARN_UNREACHABLE_CODE = YES;
				CLANG_WARN__DUPLICATE_METHOD_MATCH = YES;
				CODE_SIGN_IDENTITY = "Mac Developer";
				COPY_PHASE_STRIP = NO;
				DEBUG_INFORMATION_FORMAT = dwarf;
				ENABLE_STRICT_OBJC_MSGSEND = YES;
				ENABLE_TESTABILITY = YES;
				GCC_C_LANGUAGE_STANDARD = gnu11;
				GCC_DYNAMIC_NO_PIC = NO;
				GCC_NO_COMMON_BLOCKS = YES;
				GCC_OPTIMIZATION_LEVEL = 0;
				GCC_PREPROCESSOR_DEFINITIONS = (
					"DEBUG=1",
					"$(inherited)",
				);
				GCC_WARN_64_TO_32_BIT_CONVERSION = YES;
				GCC_WARN_ABOUT_RETURN_TYPE = YES_ERROR;
				GCC_WARN_UNDECLARED_SELECTOR = YES;
				GCC_WARN_UNINITIALIZED_AUTOS = YES_AGGRESSIVE;
				GCC_WARN_UNUSED_FUNCTION = YES;
				GCC_WARN_UNUSED_VARIABLE = YES;
				MACOSX_DEPLOYMENT_TARGET = 10.12;
				MTL_ENABLE_DEBUG_INFO = YES;
				ONLY_ACTIVE_ARCH = YES;
				SDKROOT = macosx;
			};
			name = Debug;
		};
		7C013EE21F9F706700B0FEA0 /* Release */ = {
			isa = XCBuildConfiguration;
			buildSettings = {
				ALWAYS_SEARCH_USER_PATHS = NO;
				CLANG_ANALYZER_NONNULL = YES;
				CLANG_ANALYZER_NUMBER_OBJECT_CONVERSION = YES_AGGRESSIVE;
				CLANG_CXX_LANGUAGE_STANDARD = "gnu++14";
				CLANG_CXX_LIBRARY = "libc++";
				CLANG_ENABLE_MODULES = YES;
				CLANG_ENABLE_OBJC_ARC = YES;
				CLANG_WARN_BLOCK_CAPTURE_AUTORELEASING = YES;
				CLANG_WARN_BOOL_CONVERSION = YES;
				CLANG_WARN_COMMA = YES;
				CLANG_WARN_CONSTANT_CONVERSION = YES;
				CLANG_WARN_DIRECT_OBJC_ISA_USAGE = YES_ERROR;
				CLANG_WARN_DOCUMENTATION_COMMENTS = YES;
				CLANG_WARN_EMPTY_BODY = YES;
				CLANG_WARN_ENUM_CONVERSION = YES;
				CLANG_WARN_INFINITE_RECURSION = YES;
				CLANG_WARN_INT_CONVERSION = YES;
				CLANG_WARN_NON_LITERAL_NULL_CONVERSION = YES;
				CLANG_WARN_OBJC_LITERAL_CONVERSION = YES;
				CLANG_WARN_OBJC_ROOT_CLASS = YES_ERROR;
				CLANG_WARN_RANGE_LOOP_ANALYSIS = YES;
				CLANG_WARN_STRICT_PROTOTYPES = YES;
				CLANG_WARN_SUSPICIOUS_MOVE = YES;
				CLANG_WARN_UNGUARDED_AVAILABILITY = YES_AGGRESSIVE;
				CLANG_WARN_UNREACHABLE_CODE = YES;
				CLANG_WARN__DUPLICATE_METHOD_MATCH = YES;
				CODE_SIGN_IDENTITY = "Mac Developer";
				COPY_PHASE_STRIP = NO;
				DEBUG_INFORMATION_FORMAT = "dwarf-with-dsym";
				ENABLE_NS_ASSERTIONS = NO;
				ENABLE_STRICT_OBJC_MSGSEND = YES;
				GCC_C_LANGUAGE_STANDARD = gnu11;
				GCC_NO_COMMON_BLOCKS = YES;
				GCC_WARN_64_TO_32_BIT_CONVERSION = YES;
				GCC_WARN_ABOUT_RETURN_TYPE = YES_ERROR;
				GCC_WARN_UNDECLARED_SELECTOR = YES;
				GCC_WARN_UNINITIALIZED_AUTOS = YES_AGGRESSIVE;
				GCC_WARN_UNUSED_FUNCTION = YES;
				GCC_WARN_UNUSED_VARIABLE = YES;
				MACOSX_DEPLOYMENT_TARGET = 10.12;
				MTL_ENABLE_DEBUG_INFO = NO;
				SDKROOT = macosx;
			};
			name = Release;
		};
		7C013EE41F9F706700B0FEA0 /* Debug */ = {
			isa = XCBuildConfiguration;
			buildSettings = {
				CODE_SIGN_STYLE = Automatic;
				DEVELOPMENT_TEAM = 6DUKJN52D5;
				PRODUCT_NAME = "$(TARGET_NAME)";
			};
			name = Debug;
		};
		7C013EE51F9F706700B0FEA0 /* Release */ = {
			isa = XCBuildConfiguration;
			buildSettings = {
				CODE_SIGN_STYLE = Automatic;
				DEVELOPMENT_TEAM = 6DUKJN52D5;
				PRODUCT_NAME = "$(TARGET_NAME)";
			};
			name = Release;
		};
/* End XCBuildConfiguration section */

/* Begin XCConfigurationList section */
		7C013ED71F9F706600B0FEA0 /* Build configuration list for PBXProject "Algorithm_Obj-C" */ = {
			isa = XCConfigurationList;
			buildConfigurations = (
				7C013EE11F9F706700B0FEA0 /* Debug */,
				7C013EE21F9F706700B0FEA0 /* Release */,
			);
			defaultConfigurationIsVisible = 0;
			defaultConfigurationName = Release;
		};
		7C013EE31F9F706700B0FEA0 /* Build configuration list for PBXNativeTarget "Algorithm_Obj-C" */ = {
			isa = XCConfigurationList;
			buildConfigurations = (
				7C013EE41F9F706700B0FEA0 /* Debug */,
				7C013EE51F9F706700B0FEA0 /* Release */,
			);
			defaultConfigurationIsVisible = 0;
			defaultConfigurationName = Release;
		};
/* End XCConfigurationList section */
	};
	rootObject = 7C013ED41F9F706600B0FEA0 /* Project object */;
}
